// !$*UTF8*$!
{
	archiveVersion = 1;
	classes = {
	};
	objectVersion = 55;
	objects = {

/* Begin PBXBuildFile section */
		4A0470E9288A801D004EA1BF /* Tests_iOS.swift in Sources */ = {isa = PBXBuildFile; fileRef = 4A0470E8288A801D004EA1BF /* Tests_iOS.swift */; };
		4A0470EB288A801D004EA1BF /* Tests_iOSLaunchTests.swift in Sources */ = {isa = PBXBuildFile; fileRef = 4A0470EA288A801D004EA1BF /* Tests_iOSLaunchTests.swift */; };
		4A0470F5288A801D004EA1BF /* Tests_macOS.swift in Sources */ = {isa = PBXBuildFile; fileRef = 4A0470F4288A801D004EA1BF /* Tests_macOS.swift */; };
		4A0470F7288A801D004EA1BF /* Tests_macOSLaunchTests.swift in Sources */ = {isa = PBXBuildFile; fileRef = 4A0470F6288A801D004EA1BF /* Tests_macOSLaunchTests.swift */; };
		4A0470F8288A801D004EA1BF /* FruitsApp.swift in Sources */ = {isa = PBXBuildFile; fileRef = 4A0470D0288A801C004EA1BF /* FruitsApp.swift */; };
		4A0470F9288A801D004EA1BF /* FruitsApp.swift in Sources */ = {isa = PBXBuildFile; fileRef = 4A0470D0288A801C004EA1BF /* FruitsApp.swift */; };
		4A0470FA288A801D004EA1BF /* ContentView.swift in Sources */ = {isa = PBXBuildFile; fileRef = 4A0470D1288A801C004EA1BF /* ContentView.swift */; };
		4A0470FB288A801D004EA1BF /* ContentView.swift in Sources */ = {isa = PBXBuildFile; fileRef = 4A0470D1288A801C004EA1BF /* ContentView.swift */; };
		4A0470FC288A801D004EA1BF /* Assets.xcassets in Resources */ = {isa = PBXBuildFile; fileRef = 4A0470D2288A801D004EA1BF /* Assets.xcassets */; };
		4A0470FD288A801D004EA1BF /* Assets.xcassets in Resources */ = {isa = PBXBuildFile; fileRef = 4A0470D2288A801D004EA1BF /* Assets.xcassets */; };
		4A04710F288A845A004EA1BF /* FruitCardView.swift in Sources */ = {isa = PBXBuildFile; fileRef = 4A04710E288A845A004EA1BF /* FruitCardView.swift */; };
		4A047111288A88BF004EA1BF /* StartButtonView.swift in Sources */ = {isa = PBXBuildFile; fileRef = 4A047110288A88BF004EA1BF /* StartButtonView.swift */; };
		4A047113288A8F7F004EA1BF /* OnBoardingView.swift in Sources */ = {isa = PBXBuildFile; fileRef = 4A047112288A8F7F004EA1BF /* OnBoardingView.swift */; };
		4A047116288A906D004EA1BF /* FruitModel.swift in Sources */ = {isa = PBXBuildFile; fileRef = 4A047115288A906D004EA1BF /* FruitModel.swift */; };
		4A047119288A90F1004EA1BF /* FruitData.swift in Sources */ = {isa = PBXBuildFile; fileRef = 4A047118288A90F1004EA1BF /* FruitData.swift */; };
		4A04711B288A9607004EA1BF /* FruitRowView.swift in Sources */ = {isa = PBXBuildFile; fileRef = 4A04711A288A9607004EA1BF /* FruitRowView.swift */; };
		4A04711D288A99A3004EA1BF /* DetailView.swift in Sources */ = {isa = PBXBuildFile; fileRef = 4A04711C288A99A3004EA1BF /* DetailView.swift */; };
		4A04711F288A9F24004EA1BF /* NutritionView.swift in Sources */ = {isa = PBXBuildFile; fileRef = 4A04711E288A9F24004EA1BF /* NutritionView.swift */; };
		4A047121288AB323004EA1BF /* SettingsView.swift in Sources */ = {isa = PBXBuildFile; fileRef = 4A047120288AB323004EA1BF /* SettingsView.swift */; };
		4A047123288AB66E004EA1BF /* SettingsLabelView.swift in Sources */ = {isa = PBXBuildFile; fileRef = 4A047122288AB66E004EA1BF /* SettingsLabelView.swift */; };
		4A047125288AB89A004EA1BF /* SettingsRowView.swift in Sources */ = {isa = PBXBuildFile; fileRef = 4A047124288AB89A004EA1BF /* SettingsRowView.swift */; };
/* End PBXBuildFile section */

/* Begin PBXContainerItemProxy section */
		4A0470E5288A801D004EA1BF /* PBXContainerItemProxy */ = {
			isa = PBXContainerItemProxy;
			containerPortal = 4A0470CB288A801C004EA1BF /* Project object */;
			proxyType = 1;
			remoteGlobalIDString = 4A0470D6288A801D004EA1BF;
			remoteInfo = "Fruits (iOS)";
		};
		4A0470F1288A801D004EA1BF /* PBXContainerItemProxy */ = {
			isa = PBXContainerItemProxy;
			containerPortal = 4A0470CB288A801C004EA1BF /* Project object */;
			proxyType = 1;
			remoteGlobalIDString = 4A0470DC288A801D004EA1BF;
			remoteInfo = "Fruits (macOS)";
		};
/* End PBXContainerItemProxy section */

/* Begin PBXFileReference section */
		4A0470D0288A801C004EA1BF /* FruitsApp.swift */ = {isa = PBXFileReference; lastKnownFileType = sourcecode.swift; path = FruitsApp.swift; sourceTree = "<group>"; };
		4A0470D1288A801C004EA1BF /* ContentView.swift */ = {isa = PBXFileReference; lastKnownFileType = sourcecode.swift; path = ContentView.swift; sourceTree = "<group>"; };
		4A0470D2288A801D004EA1BF /* Assets.xcassets */ = {isa = PBXFileReference; lastKnownFileType = folder.assetcatalog; path = Assets.xcassets; sourceTree = "<group>"; };
		4A0470D7288A801D004EA1BF /* Fruits.app */ = {isa = PBXFileReference; explicitFileType = wrapper.application; includeInIndex = 0; path = Fruits.app; sourceTree = BUILT_PRODUCTS_DIR; };
		4A0470DD288A801D004EA1BF /* Fruits.app */ = {isa = PBXFileReference; explicitFileType = wrapper.application; includeInIndex = 0; path = Fruits.app; sourceTree = BUILT_PRODUCTS_DIR; };
		4A0470DF288A801D004EA1BF /* macOS.entitlements */ = {isa = PBXFileReference; lastKnownFileType = text.plist.entitlements; path = macOS.entitlements; sourceTree = "<group>"; };
		4A0470E4288A801D004EA1BF /* Tests iOS.xctest */ = {isa = PBXFileReference; explicitFileType = wrapper.cfbundle; includeInIndex = 0; path = "Tests iOS.xctest"; sourceTree = BUILT_PRODUCTS_DIR; };
		4A0470E8288A801D004EA1BF /* Tests_iOS.swift */ = {isa = PBXFileReference; lastKnownFileType = sourcecode.swift; path = Tests_iOS.swift; sourceTree = "<group>"; };
		4A0470EA288A801D004EA1BF /* Tests_iOSLaunchTests.swift */ = {isa = PBXFileReference; lastKnownFileType = sourcecode.swift; path = Tests_iOSLaunchTests.swift; sourceTree = "<group>"; };
		4A0470F0288A801D004EA1BF /* Tests macOS.xctest */ = {isa = PBXFileReference; explicitFileType = wrapper.cfbundle; includeInIndex = 0; path = "Tests macOS.xctest"; sourceTree = BUILT_PRODUCTS_DIR; };
		4A0470F4288A801D004EA1BF /* Tests_macOS.swift */ = {isa = PBXFileReference; lastKnownFileType = sourcecode.swift; path = Tests_macOS.swift; sourceTree = "<group>"; };
		4A0470F6288A801D004EA1BF /* Tests_macOSLaunchTests.swift */ = {isa = PBXFileReference; lastKnownFileType = sourcecode.swift; path = Tests_macOSLaunchTests.swift; sourceTree = "<group>"; };
		4A04710E288A845A004EA1BF /* FruitCardView.swift */ = {isa = PBXFileReference; lastKnownFileType = sourcecode.swift; path = FruitCardView.swift; sourceTree = "<group>"; };
		4A047110288A88BF004EA1BF /* StartButtonView.swift */ = {isa = PBXFileReference; lastKnownFileType = sourcecode.swift; path = StartButtonView.swift; sourceTree = "<group>"; };
		4A047112288A8F7F004EA1BF /* OnBoardingView.swift */ = {isa = PBXFileReference; lastKnownFileType = sourcecode.swift; path = OnBoardingView.swift; sourceTree = "<group>"; };
		4A047115288A906D004EA1BF /* FruitModel.swift */ = {isa = PBXFileReference; lastKnownFileType = sourcecode.swift; path = FruitModel.swift; sourceTree = "<group>"; };
		4A047118288A90F1004EA1BF /* FruitData.swift */ = {isa = PBXFileReference; lastKnownFileType = sourcecode.swift; path = FruitData.swift; sourceTree = "<group>"; };
		4A04711A288A9607004EA1BF /* FruitRowView.swift */ = {isa = PBXFileReference; lastKnownFileType = sourcecode.swift; path = FruitRowView.swift; sourceTree = "<group>"; };
		4A04711C288A99A3004EA1BF /* DetailView.swift */ = {isa = PBXFileReference; lastKnownFileType = sourcecode.swift; path = DetailView.swift; sourceTree = "<group>"; };
		4A04711E288A9F24004EA1BF /* NutritionView.swift */ = {isa = PBXFileReference; lastKnownFileType = sourcecode.swift; path = NutritionView.swift; sourceTree = "<group>"; };
		4A047120288AB323004EA1BF /* SettingsView.swift */ = {isa = PBXFileReference; lastKnownFileType = sourcecode.swift; path = SettingsView.swift; sourceTree = "<group>"; };
		4A047122288AB66E004EA1BF /* SettingsLabelView.swift */ = {isa = PBXFileReference; lastKnownFileType = sourcecode.swift; path = SettingsLabelView.swift; sourceTree = "<group>"; };
		4A047124288AB89A004EA1BF /* SettingsRowView.swift */ = {isa = PBXFileReference; lastKnownFileType = sourcecode.swift; path = SettingsRowView.swift; sourceTree = "<group>"; };
/* End PBXFileReference section */

/* Begin PBXFrameworksBuildPhase section */
		4A0470D4288A801D004EA1BF /* Frameworks */ = {
			isa = PBXFrameworksBuildPhase;
			buildActionMask = 2147483647;
			files = (
			);
			runOnlyForDeploymentPostprocessing = 0;
		};
		4A0470DA288A801D004EA1BF /* Frameworks */ = {
			isa = PBXFrameworksBuildPhase;
			buildActionMask = 2147483647;
			files = (
			);
			runOnlyForDeploymentPostprocessing = 0;
		};
		4A0470E1288A801D004EA1BF /* Frameworks */ = {
			isa = PBXFrameworksBuildPhase;
			buildActionMask = 2147483647;
			files = (
			);
			runOnlyForDeploymentPostprocessing = 0;
		};
		4A0470ED288A801D004EA1BF /* Frameworks */ = {
			isa = PBXFrameworksBuildPhase;
			buildActionMask = 2147483647;
			files = (
			);
			runOnlyForDeploymentPostprocessing = 0;
		};
/* End PBXFrameworksBuildPhase section */

/* Begin PBXGroup section */
		4A0470CA288A801C004EA1BF = {
			isa = PBXGroup;
			children = (
				4A047117288A90DF004EA1BF /* Data */,
				4A047114288A905C004EA1BF /* Model */,
				4A04710D288A8431004EA1BF /* View */,
				4A04710C288A8404004EA1BF /* App */,
				4A0470CF288A801C004EA1BF /* Shared */,
				4A0470DE288A801D004EA1BF /* macOS */,
				4A0470E7288A801D004EA1BF /* Tests iOS */,
				4A0470F3288A801D004EA1BF /* Tests macOS */,
				4A0470D8288A801D004EA1BF /* Products */,
			);
			sourceTree = "<group>";
		};
		4A0470CF288A801C004EA1BF /* Shared */ = {
			isa = PBXGroup;
			children = (
				4A0470D2288A801D004EA1BF /* Assets.xcassets */,
			);
			path = Shared;
			sourceTree = "<group>";
		};
		4A0470D8288A801D004EA1BF /* Products */ = {
			isa = PBXGroup;
			children = (
				4A0470D7288A801D004EA1BF /* Fruits.app */,
				4A0470DD288A801D004EA1BF /* Fruits.app */,
				4A0470E4288A801D004EA1BF /* Tests iOS.xctest */,
				4A0470F0288A801D004EA1BF /* Tests macOS.xctest */,
			);
			name = Products;
			sourceTree = "<group>";
		};
		4A0470DE288A801D004EA1BF /* macOS */ = {
			isa = PBXGroup;
			children = (
				4A0470DF288A801D004EA1BF /* macOS.entitlements */,
			);
			path = macOS;
			sourceTree = "<group>";
		};
		4A0470E7288A801D004EA1BF /* Tests iOS */ = {
			isa = PBXGroup;
			children = (
				4A0470E8288A801D004EA1BF /* Tests_iOS.swift */,
				4A0470EA288A801D004EA1BF /* Tests_iOSLaunchTests.swift */,
			);
			path = "Tests iOS";
			sourceTree = "<group>";
		};
		4A0470F3288A801D004EA1BF /* Tests macOS */ = {
			isa = PBXGroup;
			children = (
				4A0470F4288A801D004EA1BF /* Tests_macOS.swift */,
				4A0470F6288A801D004EA1BF /* Tests_macOSLaunchTests.swift */,
			);
			path = "Tests macOS";
			sourceTree = "<group>";
		};
		4A04710C288A8404004EA1BF /* App */ = {
			isa = PBXGroup;
			children = (
				4A0470D0288A801C004EA1BF /* FruitsApp.swift */,
				4A0470D1288A801C004EA1BF /* ContentView.swift */,
				4A047112288A8F7F004EA1BF /* OnBoardingView.swift */,
			);
			path = App;
			sourceTree = "<group>";
		};
		4A04710D288A8431004EA1BF /* View */ = {
			isa = PBXGroup;
			children = (
				4A04710E288A845A004EA1BF /* FruitCardView.swift */,
				4A047110288A88BF004EA1BF /* StartButtonView.swift */,
				4A04711A288A9607004EA1BF /* FruitRowView.swift */,
				4A04711C288A99A3004EA1BF /* DetailView.swift */,
				4A04711E288A9F24004EA1BF /* NutritionView.swift */,
				4A047120288AB323004EA1BF /* SettingsView.swift */,
				4A047124288AB89A004EA1BF /* SettingsRowView.swift */,
				4A047122288AB66E004EA1BF /* SettingsLabelView.swift */,
			);
			path = View;
			sourceTree = "<group>";
		};
		4A047114288A905C004EA1BF /* Model */ = {
			isa = PBXGroup;
			children = (
				4A047115288A906D004EA1BF /* FruitModel.swift */,
			);
			path = Model;
			sourceTree = "<group>";
		};
		4A047117288A90DF004EA1BF /* Data */ = {
			isa = PBXGroup;
			children = (
				4A047118288A90F1004EA1BF /* FruitData.swift */,
			);
			path = Data;
			sourceTree = "<group>";
		};
/* End PBXGroup section */

/* Begin PBXNativeTarget section */
		4A0470D6288A801D004EA1BF /* Fruits (iOS) */ = {
			isa = PBXNativeTarget;
			buildConfigurationList = 4A047100288A801D004EA1BF /* Build configuration list for PBXNativeTarget "Fruits (iOS)" */;
			buildPhases = (
				4A0470D3288A801D004EA1BF /* Sources */,
				4A0470D4288A801D004EA1BF /* Frameworks */,
				4A0470D5288A801D004EA1BF /* Resources */,
			);
			buildRules = (
			);
			dependencies = (
			);
			name = "Fruits (iOS)";
			productName = "Fruits (iOS)";
			productReference = 4A0470D7288A801D004EA1BF /* Fruits.app */;
			productType = "com.apple.product-type.application";
		};
		4A0470DC288A801D004EA1BF /* Fruits (macOS) */ = {
			isa = PBXNativeTarget;
			buildConfigurationList = 4A047103288A801D004EA1BF /* Build configuration list for PBXNativeTarget "Fruits (macOS)" */;
			buildPhases = (
				4A0470D9288A801D004EA1BF /* Sources */,
				4A0470DA288A801D004EA1BF /* Frameworks */,
				4A0470DB288A801D004EA1BF /* Resources */,
			);
			buildRules = (
			);
			dependencies = (
			);
			name = "Fruits (macOS)";
			productName = "Fruits (macOS)";
			productReference = 4A0470DD288A801D004EA1BF /* Fruits.app */;
			productType = "com.apple.product-type.application";
		};
		4A0470E3288A801D004EA1BF /* Tests iOS */ = {
			isa = PBXNativeTarget;
			buildConfigurationList = 4A047106288A801D004EA1BF /* Build configuration list for PBXNativeTarget "Tests iOS" */;
			buildPhases = (
				4A0470E0288A801D004EA1BF /* Sources */,
				4A0470E1288A801D004EA1BF /* Frameworks */,
				4A0470E2288A801D004EA1BF /* Resources */,
			);
			buildRules = (
			);
			dependencies = (
				4A0470E6288A801D004EA1BF /* PBXTargetDependency */,
			);
			name = "Tests iOS";
			productName = "Tests iOS";
			productReference = 4A0470E4288A801D004EA1BF /* Tests iOS.xctest */;
			productType = "com.apple.product-type.bundle.ui-testing";
		};
		4A0470EF288A801D004EA1BF /* Tests macOS */ = {
			isa = PBXNativeTarget;
			buildConfigurationList = 4A047109288A801D004EA1BF /* Build configuration list for PBXNativeTarget "Tests macOS" */;
			buildPhases = (
				4A0470EC288A801D004EA1BF /* Sources */,
				4A0470ED288A801D004EA1BF /* Frameworks */,
				4A0470EE288A801D004EA1BF /* Resources */,
			);
			buildRules = (
			);
			dependencies = (
				4A0470F2288A801D004EA1BF /* PBXTargetDependency */,
			);
			name = "Tests macOS";
			productName = "Tests macOS";
			productReference = 4A0470F0288A801D004EA1BF /* Tests macOS.xctest */;
			productType = "com.apple.product-type.bundle.ui-testing";
		};
/* End PBXNativeTarget section */

/* Begin PBXProject section */
		4A0470CB288A801C004EA1BF /* Project object */ = {
			isa = PBXProject;
			attributes = {
				BuildIndependentTargetsInParallel = 1;
				LastSwiftUpdateCheck = 1340;
				LastUpgradeCheck = 1340;
				TargetAttributes = {
					4A0470D6288A801D004EA1BF = {
						CreatedOnToolsVersion = 13.4.1;
					};
					4A0470DC288A801D004EA1BF = {
						CreatedOnToolsVersion = 13.4.1;
					};
					4A0470E3288A801D004EA1BF = {
						CreatedOnToolsVersion = 13.4.1;
						TestTargetID = 4A0470D6288A801D004EA1BF;
					};
					4A0470EF288A801D004EA1BF = {
						CreatedOnToolsVersion = 13.4.1;
						TestTargetID = 4A0470DC288A801D004EA1BF;
					};
				};
			};
			buildConfigurationList = 4A0470CE288A801C004EA1BF /* Build configuration list for PBXProject "Fruits" */;
			compatibilityVersion = "Xcode 13.0";
			developmentRegion = en;
			hasScannedForEncodings = 0;
			knownRegions = (
				en,
				Base,
			);
			mainGroup = 4A0470CA288A801C004EA1BF;
			productRefGroup = 4A0470D8288A801D004EA1BF /* Products */;
			projectDirPath = "";
			projectRoot = "";
			targets = (
				4A0470D6288A801D004EA1BF /* Fruits (iOS) */,
				4A0470DC288A801D004EA1BF /* Fruits (macOS) */,
				4A0470E3288A801D004EA1BF /* Tests iOS */,
				4A0470EF288A801D004EA1BF /* Tests macOS */,
			);
		};
/* End PBXProject section */

/* Begin PBXResourcesBuildPhase section */
		4A0470D5288A801D004EA1BF /* Resources */ = {
			isa = PBXResourcesBuildPhase;
			buildActionMask = 2147483647;
			files = (
				4A0470FC288A801D004EA1BF /* Assets.xcassets in Resources */,
			);
			runOnlyForDeploymentPostprocessing = 0;
		};
		4A0470DB288A801D004EA1BF /* Resources */ = {
			isa = PBXResourcesBuildPhase;
			buildActionMask = 2147483647;
			files = (
				4A0470FD288A801D004EA1BF /* Assets.xcassets in Resources */,
			);
			runOnlyForDeploymentPostprocessing = 0;
		};
		4A0470E2288A801D004EA1BF /* Resources */ = {
			isa = PBXResourcesBuildPhase;
			buildActionMask = 2147483647;
			files = (
			);
			runOnlyForDeploymentPostprocessing = 0;
		};
		4A0470EE288A801D004EA1BF /* Resources */ = {
			isa = PBXResourcesBuildPhase;
			buildActionMask = 2147483647;
			files = (
			);
			runOnlyForDeploymentPostprocessing = 0;
		};
/* End PBXResourcesBuildPhase section */

/* Begin PBXSourcesBuildPhase section */
		4A0470D3288A801D004EA1BF /* Sources */ = {
			isa = PBXSourcesBuildPhase;
			buildActionMask = 2147483647;
			files = (
				4A047119288A90F1004EA1BF /* FruitData.swift in Sources */,
				4A04711D288A99A3004EA1BF /* DetailView.swift in Sources */,
				4A04710F288A845A004EA1BF /* FruitCardView.swift in Sources */,
				4A04711B288A9607004EA1BF /* FruitRowView.swift in Sources */,
				4A047111288A88BF004EA1BF /* StartButtonView.swift in Sources */,
				4A0470FA288A801D004EA1BF /* ContentView.swift in Sources */,
				4A047123288AB66E004EA1BF /* SettingsLabelView.swift in Sources */,
				4A047113288A8F7F004EA1BF /* OnBoardingView.swift in Sources */,
				4A047116288A906D004EA1BF /* FruitModel.swift in Sources */,
				4A0470F8288A801D004EA1BF /* FruitsApp.swift in Sources */,
				4A047125288AB89A004EA1BF /* SettingsRowView.swift in Sources */,
				4A04711F288A9F24004EA1BF /* NutritionView.swift in Sources */,
				4A047121288AB323004EA1BF /* SettingsView.swift in Sources */,
			);
			runOnlyForDeploymentPostprocessing = 0;
		};
		4A0470D9288A801D004EA1BF /* Sources */ = {
			isa = PBXSourcesBuildPhase;
			buildActionMask = 2147483647;
			files = (
				4A0470FB288A801D004EA1BF /* ContentView.swift in Sources */,
				4A0470F9288A801D004EA1BF /* FruitsApp.swift in Sources */,
			);
			runOnlyForDeploymentPostprocessing = 0;
		};
		4A0470E0288A801D004EA1BF /* Sources */ = {
			isa = PBXSourcesBuildPhase;
			buildActionMask = 2147483647;
			files = (
				4A0470EB288A801D004EA1BF /* Tests_iOSLaunchTests.swift in Sources */,
				4A0470E9288A801D004EA1BF /* Tests_iOS.swift in Sources */,
			);
			runOnlyForDeploymentPostprocessing = 0;
		};
		4A0470EC288A801D004EA1BF /* Sources */ = {
			isa = PBXSourcesBuildPhase;
			buildActionMask = 2147483647;
			files = (
				4A0470F7288A801D004EA1BF /* Tests_macOSLaunchTests.swift in Sources */,
				4A0470F5288A801D004EA1BF /* Tests_macOS.swift in Sources */,
			);
			runOnlyForDeploymentPostprocessing = 0;
		};
/* End PBXSourcesBuildPhase section */

/* Begin PBXTargetDependency section */
		4A0470E6288A801D004EA1BF /* PBXTargetDependency */ = {
			isa = PBXTargetDependency;
			target = 4A0470D6288A801D004EA1BF /* Fruits (iOS) */;
			targetProxy = 4A0470E5288A801D004EA1BF /* PBXContainerItemProxy */;
		};
		4A0470F2288A801D004EA1BF /* PBXTargetDependency */ = {
			isa = PBXTargetDependency;
			target = 4A0470DC288A801D004EA1BF /* Fruits (macOS) */;
			targetProxy = 4A0470F1288A801D004EA1BF /* PBXContainerItemProxy */;
		};
/* End PBXTargetDependency section */

/* Begin XCBuildConfiguration section */
		4A0470FE288A801D004EA1BF /* Debug */ = {
			isa = XCBuildConfiguration;
			buildSettings = {
				ALWAYS_SEARCH_USER_PATHS = NO;
				CLANG_ANALYZER_NONNULL = YES;
				CLANG_ANALYZER_NUMBER_OBJECT_CONVERSION = YES_AGGRESSIVE;
				CLANG_CXX_LANGUAGE_STANDARD = "gnu++17";
				CLANG_ENABLE_MODULES = YES;
				CLANG_ENABLE_OBJC_ARC = YES;
				CLANG_ENABLE_OBJC_WEAK = YES;
				CLANG_WARN_BLOCK_CAPTURE_AUTORELEASING = YES;
				CLANG_WARN_BOOL_CONVERSION = YES;
				CLANG_WARN_COMMA = YES;
				CLANG_WARN_CONSTANT_CONVERSION = YES;
				CLANG_WARN_DEPRECATED_OBJC_IMPLEMENTATIONS = YES;
				CLANG_WARN_DIRECT_OBJC_ISA_USAGE = YES_ERROR;
				CLANG_WARN_DOCUMENTATION_COMMENTS = YES;
				CLANG_WARN_EMPTY_BODY = YES;
				CLANG_WARN_ENUM_CONVERSION = YES;
				CLANG_WARN_INFINITE_RECURSION = YES;
				CLANG_WARN_INT_CONVERSION = YES;
				CLANG_WARN_NON_LITERAL_NULL_CONVERSION = YES;
				CLANG_WARN_OBJC_IMPLICIT_RETAIN_SELF = YES;
				CLANG_WARN_OBJC_LITERAL_CONVERSION = YES;
				CLANG_WARN_OBJC_ROOT_CLASS = YES_ERROR;
				CLANG_WARN_QUOTED_INCLUDE_IN_FRAMEWORK_HEADER = YES;
				CLANG_WARN_RANGE_LOOP_ANALYSIS = YES;
				CLANG_WARN_STRICT_PROTOTYPES = YES;
				CLANG_WARN_SUSPICIOUS_MOVE = YES;
				CLANG_WARN_UNGUARDED_AVAILABILITY = YES_AGGRESSIVE;
				CLANG_WARN_UNREACHABLE_CODE = YES;
				CLANG_WARN__DUPLICATE_METHOD_MATCH = YES;
				COPY_PHASE_STRIP = NO;
				DEBUG_INFORMATION_FORMAT = dwarf;
				ENABLE_STRICT_OBJC_MSGSEND = YES;
				ENABLE_TESTABILITY = YES;
				GCC_C_LANGUAGE_STANDARD = gnu11;
				GCC_DYNAMIC_NO_PIC = NO;
				GCC_NO_COMMON_BLOCKS = YES;
				GCC_OPTIMIZATION_LEVEL = 0;
				GCC_PREPROCESSOR_DEFINITIONS = (
					"DEBUG=1",
					"$(inherited)",
				);
				GCC_WARN_64_TO_32_BIT_CONVERSION = YES;
				GCC_WARN_ABOUT_RETURN_TYPE = YES_ERROR;
				GCC_WARN_UNDECLARED_SELECTOR = YES;
				GCC_WARN_UNINITIALIZED_AUTOS = YES_AGGRESSIVE;
				GCC_WARN_UNUSED_FUNCTION = YES;
				GCC_WARN_UNUSED_VARIABLE = YES;
				MTL_ENABLE_DEBUG_INFO = INCLUDE_SOURCE;
				MTL_FAST_MATH = YES;
				ONLY_ACTIVE_ARCH = YES;
				SWIFT_ACTIVE_COMPILATION_CONDITIONS = DEBUG;
				SWIFT_OPTIMIZATION_LEVEL = "-Onone";
			};
			name = Debug;
		};
		4A0470FF288A801D004EA1BF /* Release */ = {
			isa = XCBuildConfiguration;
			buildSettings = {
				ALWAYS_SEARCH_USER_PATHS = NO;
				CLANG_ANALYZER_NONNULL = YES;
				CLANG_ANALYZER_NUMBER_OBJECT_CONVERSION = YES_AGGRESSIVE;
				CLANG_CXX_LANGUAGE_STANDARD = "gnu++17";
				CLANG_ENABLE_MODULES = YES;
				CLANG_ENABLE_OBJC_ARC = YES;
				CLANG_ENABLE_OBJC_WEAK = YES;
				CLANG_WARN_BLOCK_CAPTURE_AUTORELEASING = YES;
				CLANG_WARN_BOOL_CONVERSION = YES;
				CLANG_WARN_COMMA = YES;
				CLANG_WARN_CONSTANT_CONVERSION = YES;
				CLANG_WARN_DEPRECATED_OBJC_IMPLEMENTATIONS = YES;
				CLANG_WARN_DIRECT_OBJC_ISA_USAGE = YES_ERROR;
				CLANG_WARN_DOCUMENTATION_COMMENTS = YES;
				CLANG_WARN_EMPTY_BODY = YES;
				CLANG_WARN_ENUM_CONVERSION = YES;
				CLANG_WARN_INFINITE_RECURSION = YES;
				CLANG_WARN_INT_CONVERSION = YES;
				CLANG_WARN_NON_LITERAL_NULL_CONVERSION = YES;
				CLANG_WARN_OBJC_IMPLICIT_RETAIN_SELF = YES;
				CLANG_WARN_OBJC_LITERAL_CONVERSION = YES;
				CLANG_WARN_OBJC_ROOT_CLASS = YES_ERROR;
				CLANG_WARN_QUOTED_INCLUDE_IN_FRAMEWORK_HEADER = YES;
				CLANG_WARN_RANGE_LOOP_ANALYSIS = YES;
				CLANG_WARN_STRICT_PROTOTYPES = YES;
				CLANG_WARN_SUSPICIOUS_MOVE = YES;
				CLANG_WARN_UNGUARDED_AVAILABILITY = YES_AGGRESSIVE;
				CLANG_WARN_UNREACHABLE_CODE = YES;
				CLANG_WARN__DUPLICATE_METHOD_MATCH = YES;
				COPY_PHASE_STRIP = NO;
				DEBUG_INFORMATION_FORMAT = "dwarf-with-dsym";
				ENABLE_NS_ASSERTIONS = NO;
				ENABLE_STRICT_OBJC_MSGSEND = YES;
				GCC_C_LANGUAGE_STANDARD = gnu11;
				GCC_NO_COMMON_BLOCKS = YES;
				GCC_WARN_64_TO_32_BIT_CONVERSION = YES;
				GCC_WARN_ABOUT_RETURN_TYPE = YES_ERROR;
				GCC_WARN_UNDECLARED_SELECTOR = YES;
				GCC_WARN_UNINITIALIZED_AUTOS = YES_AGGRESSIVE;
				GCC_WARN_UNUSED_FUNCTION = YES;
				GCC_WARN_UNUSED_VARIABLE = YES;
				MTL_ENABLE_DEBUG_INFO = NO;
				MTL_FAST_MATH = YES;
				SWIFT_COMPILATION_MODE = wholemodule;
				SWIFT_OPTIMIZATION_LEVEL = "-O";
			};
			name = Release;
		};
		4A047101288A801D004EA1BF /* Debug */ = {
			isa = XCBuildConfiguration;
			buildSettings = {
				ASSETCATALOG_COMPILER_APPICON_NAME = AppIcon;
				ASSETCATALOG_COMPILER_GLOBAL_ACCENT_COLOR_NAME = AccentColor;
				CODE_SIGN_STYLE = Automatic;
				CURRENT_PROJECT_VERSION = 1;
				DEVELOPMENT_TEAM = V4SB6KAGR4;
				ENABLE_PREVIEWS = YES;
				GENERATE_INFOPLIST_FILE = YES;
				INFOPLIST_KEY_UIApplicationSceneManifest_Generation = YES;
				INFOPLIST_KEY_UIApplicationSupportsIndirectInputEvents = YES;
				INFOPLIST_KEY_UILaunchScreen_Generation = YES;
				INFOPLIST_KEY_UISupportedInterfaceOrientations = UIInterfaceOrientationPortrait;
				INFOPLIST_KEY_UISupportedInterfaceOrientations_iPad = "UIInterfaceOrientationPortrait UIInterfaceOrientationPortraitUpsideDown UIInterfaceOrientationLandscapeLeft UIInterfaceOrientationLandscapeRight";
				INFOPLIST_KEY_UISupportedInterfaceOrientations_iPhone = "UIInterfaceOrientationPortrait UIInterfaceOrientationLandscapeLeft UIInterfaceOrientationLandscapeRight";
				IPHONEOS_DEPLOYMENT_TARGET = 15.5;
				LD_RUNPATH_SEARCH_PATHS = (
					"$(inherited)",
					"@executable_path/Frameworks",
				);
				MARKETING_VERSION = 1.0;
				PRODUCT_BUNDLE_IDENTIFIER = com.myorganization.Fruits;
				PRODUCT_NAME = Fruits;
				SDKROOT = iphoneos;
				SWIFT_EMIT_LOC_STRINGS = YES;
				SWIFT_VERSION = 5.0;
				TARGETED_DEVICE_FAMILY = "1,2";
			};
			name = Debug;
		};
		4A047102288A801D004EA1BF /* Release */ = {
			isa = XCBuildConfiguration;
			buildSettings = {
				ASSETCATALOG_COMPILER_APPICON_NAME = AppIcon;
				ASSETCATALOG_COMPILER_GLOBAL_ACCENT_COLOR_NAME = AccentColor;
				CODE_SIGN_STYLE = Automatic;
				CURRENT_PROJECT_VERSION = 1;
				DEVELOPMENT_TEAM = V4SB6KAGR4;
				ENABLE_PREVIEWS = YES;
				GENERATE_INFOPLIST_FILE = YES;
				INFOPLIST_KEY_UIApplicationSceneManifest_Generation = YES;
				INFOPLIST_KEY_UIApplicationSupportsIndirectInputEvents = YES;
				INFOPLIST_KEY_UILaunchScreen_Generation = YES;
				INFOPLIST_KEY_UISupportedInterfaceOrientations = UIInterfaceOrientationPortrait;
				INFOPLIST_KEY_UISupportedInterfaceOrientations_iPad = "UIInterfaceOrientationPortrait UIInterfaceOrientationPortraitUpsideDown UIInterfaceOrientationLandscapeLeft UIInterfaceOrientationLandscapeRight";
				INFOPLIST_KEY_UISupportedInterfaceOrientations_iPhone = "UIInterfaceOrientationPortrait UIInterfaceOrientationLandscapeLeft UIInterfaceOrientationLandscapeRight";
				IPHONEOS_DEPLOYMENT_TARGET = 15.5;
				LD_RUNPATH_SEARCH_PATHS = (
					"$(inherited)",
					"@executable_path/Frameworks",
				);
				MARKETING_VERSION = 1.0;
				PRODUCT_BUNDLE_IDENTIFIER = com.myorganization.Fruits;
				PRODUCT_NAME = Fruits;
				SDKROOT = iphoneos;
				SWIFT_EMIT_LOC_STRINGS = YES;
				SWIFT_VERSION = 5.0;
				TARGETED_DEVICE_FAMILY = "1,2";
				VALIDATE_PRODUCT = YES;
			};
			name = Release;
		};
		4A047104288A801D004EA1BF /* Debug */ = {
			isa = XCBuildConfiguration;
			buildSettings = {
				ASSETCATALOG_COMPILER_APPICON_NAME = AppIcon;
				ASSETCATALOG_COMPILER_GLOBAL_ACCENT_COLOR_NAME = AccentColor;
				CODE_SIGN_ENTITLEMENTS = macOS/macOS.entitlements;
				CODE_SIGN_STYLE = Automatic;
				COMBINE_HIDPI_IMAGES = YES;
				CURRENT_PROJECT_VERSION = 1;
				DEVELOPMENT_TEAM = V4SB6KAGR4;
				ENABLE_HARDENED_RUNTIME = YES;
				ENABLE_PREVIEWS = YES;
				GENERATE_INFOPLIST_FILE = YES;
				INFOPLIST_KEY_NSHumanReadableCopyright = "";
				LD_RUNPATH_SEARCH_PATHS = (
					"$(inherited)",
					"@executable_path/../Frameworks",
				);
				MACOSX_DEPLOYMENT_TARGET = 12.3;
				MARKETING_VERSION = 1.0;
				PRODUCT_BUNDLE_IDENTIFIER = com.myorganization.Fruits;
				PRODUCT_NAME = Fruits;
				SDKROOT = macosx;
				SWIFT_EMIT_LOC_STRINGS = YES;
				SWIFT_VERSION = 5.0;
			};
			name = Debug;
		};
		4A047105288A801D004EA1BF /* Release */ = {
			isa = XCBuildConfiguration;
			buildSettings = {
				ASSETCATALOG_COMPILER_APPICON_NAME = AppIcon;
				ASSETCATALOG_COMPILER_GLOBAL_ACCENT_COLOR_NAME = AccentColor;
				CODE_SIGN_ENTITLEMENTS = macOS/macOS.entitlements;
				CODE_SIGN_STYLE = Automatic;
				COMBINE_HIDPI_IMAGES = YES;
				CURRENT_PROJECT_VERSION = 1;
				DEVELOPMENT_TEAM = V4SB6KAGR4;
				ENABLE_HARDENED_RUNTIME = YES;
				ENABLE_PREVIEWS = YES;
				GENERATE_INFOPLIST_FILE = YES;
				INFOPLIST_KEY_NSHumanReadableCopyright = "";
				LD_RUNPATH_SEARCH_PATHS = (
					"$(inherited)",
					"@executable_path/../Frameworks",
				);
				MACOSX_DEPLOYMENT_TARGET = 12.3;
				MARKETING_VERSION = 1.0;
				PRODUCT_BUNDLE_IDENTIFIER = com.myorganization.Fruits;
				PRODUCT_NAME = Fruits;
				SDKROOT = macosx;
				SWIFT_EMIT_LOC_STRINGS = YES;
				SWIFT_VERSION = 5.0;
			};
			name = Release;
		};
		4A047107288A801D004EA1BF /* Debug */ = {
			isa = XCBuildConfiguration;
			buildSettings = {
				ALWAYS_EMBED_SWIFT_STANDARD_LIBRARIES = YES;
				CODE_SIGN_STYLE = Automatic;
				CURRENT_PROJECT_VERSION = 1;
				DEVELOPMENT_TEAM = V4SB6KAGR4;
				GENERATE_INFOPLIST_FILE = YES;
				IPHONEOS_DEPLOYMENT_TARGET = 15.5;
				MARKETING_VERSION = 1.0;
				PRODUCT_BUNDLE_IDENTIFIER = "com.myorganization.Tests-iOS";
				PRODUCT_NAME = "$(TARGET_NAME)";
				SDKROOT = iphoneos;
				SWIFT_EMIT_LOC_STRINGS = NO;
				SWIFT_VERSION = 5.0;
				TARGETED_DEVICE_FAMILY = "1,2";
				TEST_TARGET_NAME = "Fruits (iOS)";
			};
			name = Debug;
		};
		4A047108288A801D004EA1BF /* Release */ = {
			isa = XCBuildConfiguration;
			buildSettings = {
				ALWAYS_EMBED_SWIFT_STANDARD_LIBRARIES = YES;
				CODE_SIGN_STYLE = Automatic;
				CURRENT_PROJECT_VERSION = 1;
				DEVELOPMENT_TEAM = V4SB6KAGR4;
				GENERATE_INFOPLIST_FILE = YES;
				IPHONEOS_DEPLOYMENT_TARGET = 15.5;
				MARKETING_VERSION = 1.0;
				PRODUCT_BUNDLE_IDENTIFIER = "com.myorganization.Tests-iOS";
				PRODUCT_NAME = "$(TARGET_NAME)";
				SDKROOT = iphoneos;
				SWIFT_EMIT_LOC_STRINGS = NO;
				SWIFT_VERSION = 5.0;
				TARGETED_DEVICE_FAMILY = "1,2";
				TEST_TARGET_NAME = "Fruits (iOS)";
				VALIDATE_PRODUCT = YES;
			};
			name = Release;
		};
		4A04710A288A801D004EA1BF /* Debug */ = {
			isa = XCBuildConfiguration;
			buildSettings = {
				ALWAYS_EMBED_SWIFT_STANDARD_LIBRARIES = YES;
				CODE_SIGN_STYLE = Automatic;
				CURRENT_PROJECT_VERSION = 1;
				DEVELOPMENT_TEAM = V4SB6KAGR4;
				GENERATE_INFOPLIST_FILE = YES;
				MACOSX_DEPLOYMENT_TARGET = 12.3;
				MARKETING_VERSION = 1.0;
				PRODUCT_BUNDLE_IDENTIFIER = "com.myorganization.Tests-macOS";
				PRODUCT_NAME = "$(TARGET_NAME)";
				SDKROOT = macosx;
				SWIFT_EMIT_LOC_STRINGS = NO;
				SWIFT_VERSION = 5.0;
				TEST_TARGET_NAME = "Fruits (macOS)";
			};
			name = Debug;
		};
		4A04710B288A801D004EA1BF /* Release */ = {
			isa = XCBuildConfiguration;
			buildSettings = {
				ALWAYS_EMBED_SWIFT_STANDARD_LIBRARIES = YES;
				CODE_SIGN_STYLE = Automatic;
				CURRENT_PROJECT_VERSION = 1;
				DEVELOPMENT_TEAM = V4SB6KAGR4;
				GENERATE_INFOPLIST_FILE = YES;
				MACOSX_DEPLOYMENT_TARGET = 12.3;
				MARKETING_VERSION = 1.0;
				PRODUCT_BUNDLE_IDENTIFIER = "com.myorganization.Tests-macOS";
				PRODUCT_NAME = "$(TARGET_NAME)";
				SDKROOT = macosx;
				SWIFT_EMIT_LOC_STRINGS = NO;
				SWIFT_VERSION = 5.0;
				TEST_TARGET_NAME = "Fruits (macOS)";
			};
			name = Release;
		};
/* End XCBuildConfiguration section */

/* Begin XCConfigurationList section */
		4A0470CE288A801C004EA1BF /* Build configuration list for PBXProject "Fruits" */ = {
			isa = XCConfigurationList;
			buildConfigurations = (
				4A0470FE288A801D004EA1BF /* Debug */,
				4A0470FF288A801D004EA1BF /* Release */,
			);
			defaultConfigurationIsVisible = 0;
			defaultConfigurationName = Release;
		};
		4A047100288A801D004EA1BF /* Build configuration list for PBXNativeTarget "Fruits (iOS)" */ = {
			isa = XCConfigurationList;
			buildConfigurations = (
				4A047101288A801D004EA1BF /* Debug */,
				4A047102288A801D004EA1BF /* Release */,
			);
			defaultConfigurationIsVisible = 0;
			defaultConfigurationName = Release;
		};
		4A047103288A801D004EA1BF /* Build configuration list for PBXNativeTarget "Fruits (macOS)" */ = {
			isa = XCConfigurationList;
			buildConfigurations = (
				4A047104288A801D004EA1BF /* Debug */,
				4A047105288A801D004EA1BF /* Release */,
			);
			defaultConfigurationIsVisible = 0;
			defaultConfigurationName = Release;
		};
		4A047106288A801D004EA1BF /* Build configuration list for PBXNativeTarget "Tests iOS" */ = {
			isa = XCConfigurationList;
			buildConfigurations = (
				4A047107288A801D004EA1BF /* Debug */,
				4A047108288A801D004EA1BF /* Release */,
			);
			defaultConfigurationIsVisible = 0;
			defaultConfigurationName = Release;
		};
		4A047109288A801D004EA1BF /* Build configuration list for PBXNativeTarget "Tests macOS" */ = {
			isa = XCConfigurationList;
			buildConfigurations = (
				4A04710A288A801D004EA1BF /* Debug */,
				4A04710B288A801D004EA1BF /* Release */,
			);
			defaultConfigurationIsVisible = 0;
			defaultConfigurationName = Release;
		};
/* End XCConfigurationList section */
	};
	rootObject = 4A0470CB288A801C004EA1BF /* Project object */;
}
